
Microsoft Visual Studio Solution File, Format Version 12.00
# Visual Studio Version 17
VisualStudioVersion = 17.4.33122.133
MinimumVisualStudioVersion = 10.0.40219.1
Project("{FAE04EC0-301F-11D3-BF4B-00C04F79EFBC}") = "Fundamentos", "Fundamentos\Fundamentos.csproj", "{D2717E33-E82F-47FC-9468-28C48CE3CC8D}"
EndProject
Global
	GlobalSection(SolutionConfigurationPlatforms) = preSolution
		Debug|Any CPU = Debug|Any CPU
		Release|Any CPU = Release|Any CPU
	EndGlobalSection
	GlobalSection(ProjectConfigurationPlatforms) = postSolution
		{D2717E33-E82F-47FC-9468-28C48CE3CC8D}.Debug|Any CPU.ActiveCfg = Debug|Any CPU
		{D2717E33-E82F-47FC-9468-28C48CE3CC8D}.Debug|Any CPU.Build.0 = Debug|Any CPU
		{D2717E33-E82F-47FC-9468-28C48CE3CC8D}.Release|Any CPU.ActiveCfg = Release|Any CPU
		{D2717E33-E82F-47FC-9468-28C48CE3CC8D}.Release|Any CPU.Build.0 = Release|Any CPU
	EndGlobalSection
	GlobalSection(SolutionProperties) = preSolution
		HideSolutionNode = FALSE
	EndGlobalSection
	GlobalSection(ExtensibilityGlobals) = postSolution
		SolutionGuid = {76F738B6-BFB6-440B-8F3D-6457B4950BDA}
	EndGlobalSection
EndGlobal
